<?xml version="1.0" encoding="utf-8"?>
<Project ToolsVersion="4.0" xmlns="http://schemas.microsoft.com/developer/msbuild/2003">
  <ItemGroup>
    <Filter Include="Source Files">
      <UniqueIdentifier>{9215800f-f1a2-42f9-8ae3-adb66098b9cf}</UniqueIdentifier>
      <Extensions>cpp;c;cxx;rc;def;r;odl;idl;hpj;bat</Extensions>
    </Filter>
    <Filter Include="Header Files">
      <UniqueIdentifier>{209a06f6-9b61-4420-b08e-538eacba454d}</UniqueIdentifier>
      <Extensions>h;hpp;hxx;hm;inl</Extensions>
    </Filter>
    <Filter Include="Header Files\Game definition Files">
      <UniqueIdentifier>{5b282469-1442-46df-9daf-b8e97db12ae7}</UniqueIdentifier>
    </Filter>
    <Filter Include="Resource Files">
      <UniqueIdentifier>{1f55f8b2-b0b1-46bb-b102-3f72a2cbfaa8}</UniqueIdentifier>
      <Extensions>ico;cur;bmp;dlg;rc2;rct;bin;rgs;gif;jpg;jpeg;jpe</Extensions>
    </Filter>
  </ItemGroup>
  <ItemGroup>
    <ClCompile Include="AW_CMultiViewSplitter.cpp">
      <Filter>Source Files</Filter>
    </ClCompile>
    <ClCompile Include="BCMenu.cpp">
      <Filter>Source Files</Filter>
    </ClCompile>
    <ClCompile Include="CompilerErrorDlg.cpp">
      <Filter>Source Files</Filter>
    </ClCompile>
    <ClCompile Include="DataSafe.cpp">
      <Filter>Source Files</Filter>
    </ClCompile>
    <ClCompile Include="Details.cpp">
      <Filter>Source Files</Filter>
    </ClCompile>
    <ClCompile Include="DM_Reg.cpp">
      <Filter>Source Files</Filter>
    </ClCompile>
    <ClCompile Include="EditorFS_FUEL.cpp">
      <Filter>Source Files</Filter>
    </ClCompile>
    <ClCompile Include="EditorFS_GPNT.cpp">
      <Filter>Source Files</Filter>
    </ClCompile>
    <ClCompile Include="EditorFS_MODEL.cpp">
      <Filter>Source Files</Filter>
    </ClCompile>
    <ClCompile Include="EditorFS_SHLD.cpp">
      <Filter>Source Files</Filter>
    </ClCompile>
    <ClCompile Include="EditorFS_SOBJ.cpp">
      <Filter>Source Files</Filter>
    </ClCompile>
    <ClCompile Include="EditorFS_SPCL.cpp">
      <Filter>Source Files</Filter>
    </ClCompile>
    <ClCompile Include="EditorFS_TGUN.cpp">
      <Filter>Source Files</Filter>
    </ClCompile>
    <ClCompile Include="EditorFSDlg_MomentOfInertia.cpp">
      <Filter>Source Files</Filter>
    </ClCompile>
    <ClCompile Include="EditorFSDlg_TextureNamesEdit.cpp">
      <Filter>Source Files</Filter>
    </ClCompile>
    <ClCompile Include="EditorFSDlg_Textures.cpp">
      <Filter>Source Files</Filter>
    </ClCompile>
    <ClCompile Include="Explorer.cpp">
      <Filter>Source Files</Filter>
    </ClCompile>
    <ClCompile Include="ExplorerBar.cpp">
      <Filter>Source Files</Filter>
    </ClCompile>
    <ClCompile Include="FolderDlg.cpp">
      <Filter>Source Files</Filter>
    </ClCompile>
    <ClCompile Include="FSChunk.cpp">
      <Filter>Source Files</Filter>
    </ClCompile>
    <ClCompile Include="GamePaneFS.cpp">
      <Filter>Source Files</Filter>
    </ClCompile>
    <ClCompile Include="Help_Using.cpp">
      <Filter>Source Files</Filter>
    </ClCompile>
    <ClCompile Include="HTMLTaskView.cpp">
      <Filter>Source Files</Filter>
    </ClCompile>
    <ClCompile Include="ImportCOB.cpp">
      <Filter>Source Files</Filter>
    </ClCompile>
    <ClCompile Include="ImportDlg.cpp">
      <Filter>Source Files</Filter>
    </ClCompile>
    <ClCompile Include="LVSort.cpp">
      <Filter>Source Files</Filter>
    </ClCompile>
    <ClCompile Include="MainFrm.cpp">
      <Filter>Source Files</Filter>
    </ClCompile>
    <ClCompile Include="Matrix.cpp">
      <Filter>Source Files</Filter>
    </ClCompile>
    <ClCompile Include="MODVIEW32.cpp">
      <Filter>Source Files</Filter>
    </ClCompile>
    <ClCompile Include="MODVIEW32Doc.cpp">
      <Filter>Source Files</Filter>
    </ClCompile>
    <ClCompile Include="MODVIEW32View.cpp">
      <Filter>Source Files</Filter>
    </ClCompile>
    <ClCompile Include="OpenDlg.cpp">
      <Filter>Source Files</Filter>
    </ClCompile>
    <ClCompile Include="OptionsDlg.cpp">
      <Filter>Source Files</Filter>
    </ClCompile>
    <ClCompile Include="ProgressWnd.cpp">
      <Filter>Source Files</Filter>
    </ClCompile>
    <ClCompile Include="SilentSplitterWnd.cpp">
      <Filter>Source Files</Filter>
    </ClCompile>
    <ClCompile Include="Splash.cpp">
      <Filter>Source Files</Filter>
    </ClCompile>
    <ClCompile Include="SplashNew.cpp">
      <Filter>Source Files</Filter>
    </ClCompile>
    <ClCompile Include="splitterex.cpp">
      <Filter>Source Files</Filter>
    </ClCompile>
    <ClCompile Include="StaticWithColor.cpp">
      <Filter>Source Files</Filter>
    </ClCompile>
    <ClCompile Include="StdAfx.cpp">
      <Filter>Source Files</Filter>
    </ClCompile>
    <ClCompile Include="stif32c.cpp">
      <Filter>Source Files</Filter>
    </ClCompile>
    <ClCompile Include="TableList.cpp">
      <Filter>Source Files</Filter>
    </ClCompile>
    <ClCompile Include="TextureView.cpp">
      <Filter>Source Files</Filter>
    </ClCompile>
    <ClCompile Include="tga.cpp">
      <Filter>Source Files</Filter>
    </ClCompile>
    <ClCompile Include="TXList.cpp">
      <Filter>Source Files</Filter>
    </ClCompile>
    <ClCompile Include="TXView.cpp">
      <Filter>Source Files</Filter>
    </ClCompile>
    <ClCompile Include="TXViewModeToolbar.cpp">
      <Filter>Source Files</Filter>
    </ClCompile>
    <ClCompile Include="VPFileDialog.cpp">
      <Filter>Source Files</Filter>
    </ClCompile>
    <ClCompile Include="VPFileDialogSubWnd.cpp">
      <Filter>Source Files</Filter>
    </ClCompile>
    <ClCompile Include="Welcome.cpp">
      <Filter>Source Files</Filter>
    </ClCompile>
    <ClCompile Include="WelcomePane.cpp">
      <Filter>Source Files</Filter>
    </ClCompile>
  </ItemGroup>
  <ItemGroup>
    <ResourceCompile Include="MODVIEW32.rc">
      <Filter>Source Files</Filter>
    </ResourceCompile>
  </ItemGroup>
  <ItemGroup>
    <ClInclude Include="Fs-extra.h">
      <Filter>Header Files\Game definition Files</Filter>
    </ClInclude>
    <ClInclude Include="AW_CMultiViewSplitter.h">
      <Filter>Header Files</Filter>
    </ClInclude>
    <ClInclude Include="BCMenu.h">
      <Filter>Header Files</Filter>
    </ClInclude>
    <ClInclude Include="CompilerErrorDlg.h">
      <Filter>Header Files</Filter>
    </ClInclude>
    <ClInclude Include="DataSafe.h">
      <Filter>Header Files</Filter>
    </ClInclude>
    <ClInclude Include="Details.h">
      <Filter>Header Files</Filter>
    </ClInclude>
    <ClInclude Include="DM_Reg.h">
      <Filter>Header Files</Filter>
    </ClInclude>
    <ClInclude Include="EditorFS_FUEL.h">
      <Filter>Header Files</Filter>
    </ClInclude>
    <ClInclude Include="EditorFS_GPNT.h">
      <Filter>Header Files</Filter>
    </ClInclude>
    <ClInclude Include="EditorFS_MODEL.h">
      <Filter>Header Files</Filter>
    </ClInclude>
    <ClInclude Include="EditorFS_SHLD.h">
      <Filter>Header Files</Filter>
    </ClInclude>
    <ClInclude Include="EditorFS_SOBJ.h">
      <Filter>Header Files</Filter>
    </ClInclude>
    <ClInclude Include="EditorFS_SPCL.h">
      <Filter>Header Files</Filter>
    </ClInclude>
    <ClInclude Include="EditorFS_TGUN.h">
      <Filter>Header Files</Filter>
    </ClInclude>
    <ClInclude Include="EditorFSDlg_MomentOfInertia.h">
      <Filter>Header Files</Filter>
    </ClInclude>
    <ClInclude Include="EditorFSDlg_TextureNamesEdit.h">
      <Filter>Header Files</Filter>
    </ClInclude>
    <ClInclude Include="EditorFSDlg_Textures.h">
      <Filter>Header Files</Filter>
    </ClInclude>
    <ClInclude Include="Explorer.h">
      <Filter>Header Files</Filter>
    </ClInclude>
    <ClInclude Include="ExplorerBar.h">
      <Filter>Header Files</Filter>
    </ClInclude>
    <ClInclude Include="FolderDlg.h">
      <Filter>Header Files</Filter>
    </ClInclude>
    <ClInclude Include="FSChunk.h">
      <Filter>Header Files</Filter>
    </ClInclude>
    <ClInclude Include="GamePaneFS.h">
      <Filter>Header Files</Filter>
    </ClInclude>
    <ClInclude Include="Help_Using.h">
      <Filter>Header Files</Filter>
    </ClInclude>
    <ClInclude Include="HTMLTaskView.h">
      <Filter>Header Files</Filter>
    </ClInclude>
    <ClInclude Include="ImportCOB.h">
      <Filter>Header Files</Filter>
    </ClInclude>
    <ClInclude Include="ImportDlg.h">
      <Filter>Header Files</Filter>
    </ClInclude>
    <ClInclude Include="LVSort.h">
      <Filter>Header Files</Filter>
    </ClInclude>
    <ClInclude Include="MainFrm.h">
      <Filter>Header Files</Filter>
    </ClInclude>
    <ClInclude Include="Matrix.h">
      <Filter>Header Files</Filter>
    </ClInclude>
    <ClInclude Include="MODVIEW32.h">
      <Filter>Header Files</Filter>
    </ClInclude>
    <ClInclude Include="MODVIEW32Doc.h">
      <Filter>Header Files</Filter>
    </ClInclude>
    <ClInclude Include="MODVIEW32View.h">
      <Filter>Header Files</Filter>
    </ClInclude>
    <ClInclude Include="OpenDlg.h">
      <Filter>Header Files</Filter>
    </ClInclude>
    <ClInclude Include="OptionsDlg.h">
      <Filter>Header Files</Filter>
    </ClInclude>
    <ClInclude Include="ProgressWnd.h">
      <Filter>Header Files</Filter>
    </ClInclude>
    <ClInclude Include="Resource.h">
      <Filter>Header Files</Filter>
    </ClInclude>
    <ClInclude Include="SilentSplitterWnd.h">
      <Filter>Header Files</Filter>
    </ClInclude>
    <ClInclude Include="Splash.h">
      <Filter>Header Files</Filter>
    </ClInclude>
    <ClInclude Include="SplashNew.h">
      <Filter>Header Files</Filter>
    </ClInclude>
    <ClInclude Include="splitterex.h">
      <Filter>Header Files</Filter>
    </ClInclude>
    <ClInclude Include="StaticWithColor.h">
      <Filter>Header Files</Filter>
    </ClInclude>
    <ClInclude Include="StdAfx.h">
      <Filter>Header Files</Filter>
    </ClInclude>
    <ClInclude Include="stif32c.h">
      <Filter>Header Files</Filter>
    </ClInclude>
    <ClInclude Include="TableList.h">
      <Filter>Header Files</Filter>
    </ClInclude>
    <ClInclude Include="TextureView.h">
      <Filter>Header Files</Filter>
    </ClInclude>
    <ClInclude Include="TGA.h">
      <Filter>Header Files</Filter>
    </ClInclude>
    <ClInclude Include="TXList.h">
      <Filter>Header Files</Filter>
    </ClInclude>
    <ClInclude Include="TXView.h">
      <Filter>Header Files</Filter>
    </ClInclude>
    <ClInclude Include="TXViewModeToolbar.h">
      <Filter>Header Files</Filter>
    </ClInclude>
    <ClInclude Include="VPFileDialog.h">
      <Filter>Header Files</Filter>
    </ClInclude>
    <ClInclude Include="VPFileDialogSubWnd.h">
      <Filter>Header Files</Filter>
    </ClInclude>
    <ClInclude Include="Welcome.h">
      <Filter>Header Files</Filter>
    </ClInclude>
    <ClInclude Include="WelcomePane.h">
      <Filter>Header Files</Filter>
    </ClInclude>
    <ClInclude Include="glext.h">
      <Filter>Header Files</Filter>
    </ClInclude>
    <ClInclude Include="version.h">
      <Filter>Header Files</Filter>
    </ClInclude>
  </ItemGroup>
  <ItemGroup>
    <CustomBuild Include="res\back5a.bmp">
      <Filter>Resource Files</Filter>
    </CustomBuild>
    <CustomBuild Include="res\bitmap1.bmp">
      <Filter>Resource Files</Filter>
    </CustomBuild>
    <CustomBuild Include="res\bitmap2.bmp">
      <Filter>Resource Files</Filter>
    </CustomBuild>
    <CustomBuild Include="res\bitmap3.bmp">
      <Filter>Resource Files</Filter>
    </CustomBuild>
    <CustomBuild Include="res\bmp00001.bmp">
      <Filter>Resource Files</Filter>
    </CustomBuild>
    <CustomBuild Include="res\bmp00002.bmp">
      <Filter>Resource Files</Filter>
    </CustomBuild>
    <CustomBuild Include="res\bmp00003.bmp">
      <Filter>Resource Files</Filter>
    </CustomBuild>
    <CustomBuild Include="res\bmp00004.bmp">
      <Filter>Resource Files</Filter>
    </CustomBuild>
    <CustomBuild Include="res\bmp00005.bmp">
      <Filter>Resource Files</Filter>
    </CustomBuild>
    <CustomBuild Include="res\bmp00006.bmp">
      <Filter>Resource Files</Filter>
    </CustomBuild>
    <CustomBuild Include="res\bmp00007.bmp">
      <Filter>Resource Files</Filter>
    </CustomBuild>
    <CustomBuild Include="res\bmp00008.bmp">
      <Filter>Resource Files</Filter>
    </CustomBuild>
    <CustomBuild Include="res\bmp00009.bmp">
      <Filter>Resource Files</Filter>
    </CustomBuild>
    <CustomBuild Include="res\bmp00010.bmp">
      <Filter>Resource Files</Filter>
    </CustomBuild>
    <CustomBuild Include="res\bmp00011.bmp">
      <Filter>Resource Files</Filter>
    </CustomBuild>
    <CustomBuild Include="res\bmp00012.bmp">
      <Filter>Resource Files</Filter>
    </CustomBuild>
    <CustomBuild Include="res\bmp00013.bmp">
      <Filter>Resource Files</Filter>
    </CustomBuild>
    <CustomBuild Include="res\bmp00014.bmp">
      <Filter>Resource Files</Filter>
    </CustomBuild>
    <CustomBuild Include="res\bmp00015.bmp">
      <Filter>Resource Files</Filter>
    </CustomBuild>
    <CustomBuild Include="res\bmp00016.bmp">
      <Filter>Resource Files</Filter>
    </CustomBuild>
    <CustomBuild Include="res\descent2.bmp">
      <Filter>Resource Files</Filter>
    </CustomBuild>
    <CustomBuild Include="res\descent3.bmp">
      <Filter>Resource Files</Filter>
    </CustomBuild>
    <CustomBuild Include="res\DNet.ico">
      <Filter>Resource Files</Filter>
    </CustomBuild>
    <CustomBuild Include="res\editor.bmp">
      <Filter>Resource Files</Filter>
    </CustomBuild>
    <CustomBuild Include="res\editor_s.bmp">
      <Filter>Resource Files</Filter>
    </CustomBuild>
    <CustomBuild Include="res\editorfs.bmp">
      <Filter>Resource Files</Filter>
    </CustomBuild>
    <CustomBuild Include="res\editorfs.ico">
      <Filter>Resource Files</Filter>
    </CustomBuild>
    <CustomBuild Include="res\elementa.bmp">
      <Filter>Resource Files</Filter>
    </CustomBuild>
    <CustomBuild Include="res\elemente.bmp">
      <Filter>Resource Files</Filter>
    </CustomBuild>
    <CustomBuild Include="res\explorer.bmp">
      <Filter>Resource Files</Filter>
    </CustomBuild>
    <CustomBuild Include="res\freespac.bmp">
      <Filter>Resource Files</Filter>
    </CustomBuild>
    <CustomBuild Include="res\freespace.bmp">
      <Filter>Resource Files</Filter>
    </CustomBuild>
    <CustomBuild Include="res\ico00001.ico">
      <Filter>Resource Files</Filter>
    </CustomBuild>
    <CustomBuild Include="res\icon1.ico">
      <Filter>Resource Files</Filter>
    </CustomBuild>
    <CustomBuild Include="res\icon_des.bmp">
      <Filter>Resource Files</Filter>
    </CustomBuild>
    <CustomBuild Include="res\icon_fre.bmp">
      <Filter>Resource Files</Filter>
    </CustomBuild>
    <CustomBuild Include="res\icon_rec.bmp">
      <Filter>Resource Files</Filter>
    </CustomBuild>
    <CustomBuild Include="res\menu16.bmp">
      <Filter>Resource Files</Filter>
    </CustomBuild>
    <CustomBuild Include="res\menu20.bmp">
      <Filter>Resource Files</Filter>
    </CustomBuild>
    <CustomBuild Include="res\modelview.bmp">
      <Filter>Resource Files</Filter>
    </CustomBuild>
    <CustomBuild Include="res\MODVIEW32.ico">
      <Filter>Resource Files</Filter>
    </CustomBuild>
    <CustomBuild Include="res\MODVIEW32.rc2">
      <Filter>Resource Files</Filter>
    </CustomBuild>
    <CustomBuild Include="res\MODVIEW32Doc.ico">
      <Filter>Resource Files</Filter>
    </CustomBuild>
    <CustomBuild Include="res\new_modelview.bmp">
      <Filter>Resource Files</Filter>
    </CustomBuild>
    <CustomBuild Include="res\nomodel.bmp">
      <Filter>Resource Files</Filter>
    </CustomBuild>
    <CustomBuild Include="res\nomodel_.bmp">
      <Filter>Resource Files</Filter>
    </CustomBuild>
    <CustomBuild Include="shield.bmp">
      <Filter>Resource Files</Filter>
    </CustomBuild>
    <CustomBuild Include="res\small.bmp">
      <Filter>Resource Files</Filter>
    </CustomBuild>
    <CustomBuild Include="res\splash2.bmp">
      <Filter>Resource Files</Filter>
    </CustomBuild>
    <CustomBuild Include="res\Toolbar.bmp">
      <Filter>Resource Files</Filter>
    </CustomBuild>
    <CustomBuild Include="res\toolbar1.bmp">
      <Filter>Resource Files</Filter>
    </CustomBuild>
    <CustomBuild Include="res\toolbar2.bmp">
      <Filter>Resource Files</Filter>
    </CustomBuild>
    <CustomBuild Include="res\version.bmp">
      <Filter>Resource Files</Filter>
    </CustomBuild>
    <CustomBuild Include="res\version_.bmp">
      <Filter>Resource Files</Filter>
    </CustomBuild>
    <CustomBuild Include="D2Pal.dat" />
    <CustomBuild Include="MODVIEW32.reg" />
  </ItemGroup>
</Project>